
Microsoft Visual Studio Solution File, Format Version 12.00
# Visual Studio Version 16
VisualStudioVersion = 16.0.31729.503
MinimumVisualStudioVersion = 10.0.40219.1
Project("{FAE04EC0-301F-11D3-BF4B-00C04F79EFBC}") = "IntegrateAdminLteTemplate", "IntegrateAdminLteTemplate.csproj", "{062D46A1-3C51-46BD-8F16-25BEF936FC7D}"
EndProject
Global
	GlobalSection(SolutionConfigurationPlatforms) = preSolution
		Debug|Any CPU = Debug|Any CPU
		Release|Any CPU = Release|Any CPU
	EndGlobalSection
	GlobalSection(ProjectConfigurationPlatforms) = postSolution
		{062D46A1-3C51-46BD-8F16-25BEF936FC7D}.Debug|Any CPU.ActiveCfg = Debug|Any CPU
		{062D46A1-3C51-46BD-8F16-25BEF936FC7D}.Debug|Any CPU.Build.0 = Debug|Any CPU
		{062D46A1-3C51-46BD-8F16-25BEF936FC7D}.Release|Any CPU.ActiveCfg = Release|Any CPU
		{062D46A1-3C51-46BD-8F16-25BEF936FC7D}.Release|Any CPU.Build.0 = Release|Any CPU
	EndGlobalSection
	GlobalSection(SolutionProperties) = preSolution
		HideSolutionNode = FALSE
	EndGlobalSection
	GlobalSection(ExtensibilityGlobals) = postSolution
		SolutionGuid = {5B8C13FE-E04C-45D0-B317-12C50635904F}
	EndGlobalSection
EndGlobal
